
Microsoft Visual Studio Solution File, Format Version 12.00
# Visual Studio Version 17
VisualStudioVersion = 17.4.33213.308
MinimumVisualStudioVersion = 10.0.40219.1
Project("{9A19103F-16F7-4668-BE54-9A1E7A4F7556}") = "TestExcel", "TestExcel.csproj", "{CCB192E4-4E8D-4A16-B181-D22E634CA9CB}"
EndProject
Global
	GlobalSection(SolutionConfigurationPlatforms) = preSolution
		Debug|Any CPU = Debug|Any CPU
		Release|Any CPU = Release|Any CPU
	EndGlobalSection
	GlobalSection(ProjectConfigurationPlatforms) = postSolution
		{CCB192E4-4E8D-4A16-B181-D22E634CA9CB}.Debug|Any CPU.ActiveCfg = Debug|Any CPU
		{CCB192E4-4E8D-4A16-B181-D22E634CA9CB}.Debug|Any CPU.Build.0 = Debug|Any CPU
		{CCB192E4-4E8D-4A16-B181-D22E634CA9CB}.Release|Any CPU.ActiveCfg = Release|Any CPU
		{CCB192E4-4E8D-4A16-B181-D22E634CA9CB}.Release|Any CPU.Build.0 = Release|Any CPU
	EndGlobalSection
	GlobalSection(SolutionProperties) = preSolution
		HideSolutionNode = FALSE
	EndGlobalSection
	GlobalSection(ExtensibilityGlobals) = postSolution
		SolutionGuid = {8C5141CE-3035-449D-90AC-9DC1B1384E08}
	EndGlobalSection
EndGlobal
